
Microsoft Visual Studio Solution File, Format Version 12.00
# Visual Studio Version 16
VisualStudioVersion = 16.0.30804.86
MinimumVisualStudioVersion = 10.0.40219.1
Project("{FAE04EC0-301F-11D3-BF4B-00C04F79EFBC}") = "mayaOS", "mayaOS\mayaOS.csproj", "{592635DB-2A1D-4DEC-AD4C-DB8E6662843F}"
EndProject
Global
	GlobalSection(SolutionConfigurationPlatforms) = preSolution
		Debug|Any CPU = Debug|Any CPU
		Release|Any CPU = Release|Any CPU
	EndGlobalSection
	GlobalSection(ProjectConfigurationPlatforms) = postSolution
		{592635DB-2A1D-4DEC-AD4C-DB8E6662843F}.Debug|Any CPU.ActiveCfg = Debug|Any CPU
		{592635DB-2A1D-4DEC-AD4C-DB8E6662843F}.Debug|Any CPU.Build.0 = Debug|Any CPU
		{592635DB-2A1D-4DEC-AD4C-DB8E6662843F}.Release|Any CPU.ActiveCfg = Release|Any CPU
		{592635DB-2A1D-4DEC-AD4C-DB8E6662843F}.Release|Any CPU.Build.0 = Release|Any CPU
	EndGlobalSection
	GlobalSection(SolutionProperties) = preSolution
		HideSolutionNode = FALSE
	EndGlobalSection
	GlobalSection(ExtensibilityGlobals) = postSolution
		SolutionGuid = {BD3D8F50-B634-459B-B4C7-0B3CB9CF2F8E}
	EndGlobalSection
EndGlobal
